
Microsoft Visual Studio Solution File, Format Version 12.00
# Visual Studio 14
VisualStudioVersion = 14.0.24720.0
MinimumVisualStudioVersion = 10.0.40219.1
Project("{2150E333-8FDC-42A3-9474-1A3956D46DE8}") = "Src", "Src", "{4CE86FBC-A06C-45C5-981F-0E873498A142}"
EndProject
Project("{2150E333-8FDC-42A3-9474-1A3956D46DE8}") = "Apps", "Apps", "{DFF67986-A8CE-466D-A980-414DB2AA633A}"
EndProject
Project("{2150E333-8FDC-42A3-9474-1A3956D46DE8}") = "Subscribe", "Subscribe", "{9E8A3732-A7A9-4569-8A88-DD653FD7491D}"
EndProject
Project("{2150E333-8FDC-42A3-9474-1A3956D46DE8}") = "LicenseServer", "LicenseServer", "{042FCB21-4785-42BB-BFCC-B903255C8999}"
EndProject
Project("{2150E333-8FDC-42A3-9474-1A3956D46DE8}") = "1-Api", "1-Api", "{6E180E84-EE1D-4F06-AC3E-761F1CC26FA9}"
EndProject
Project("{2150E333-8FDC-42A3-9474-1A3956D46DE8}") = "2-AppService", "2-AppService", "{A48C0C8F-D170-4CF0-B641-BD02D93441A9}"
EndProject
Project("{2150E333-8FDC-42A3-9474-1A3956D46DE8}") = "3-Domain", "3-Domain", "{5599C68D-CA55-4AE5-B8E0-FE75B67E82AF}"
EndProject
Project("{2150E333-8FDC-42A3-9474-1A3956D46DE8}") = "4-Infrastructure", "4-Infrastructure", "{951D502B-FA2E-4B0B-BF0A-C00292512228}"
EndProject
Project("{2150E333-8FDC-42A3-9474-1A3956D46DE8}") = "5-Crosscuting", "5-Crosscuting", "{C9912D67-EEB1-4108-8157-E0B4C3612C9A}"
EndProject
Project("{FAE04EC0-301F-11D3-BF4B-00C04F79EFBC}") = "Adm.Subscribe.Domain", "Adm.Subscribe.Domain\Adm.Subscribe.Domain.csproj", "{039D12F0-6962-4ED5-B9BD-E650ABF6BD2B}"
EndProject
Project("{FAE04EC0-301F-11D3-BF4B-00C04F79EFBC}") = "Adm.Subscribe.Domain.Tests", "Adm.Subscribe.Domain.Tests\Adm.Subscribe.Domain.Tests.csproj", "{1C6F0FB6-5A79-41C2-8FAF-9C0F01B4642A}"
EndProject
Project("{FAE04EC0-301F-11D3-BF4B-00C04F79EFBC}") = "ADM.Subscribe.Api", "ADM.Subscribe.Api\ADM.Subscribe.Api.csproj", "{D336D2B4-226B-45DE-8FB9-B76826190A6C}"
EndProject
Project("{2150E333-8FDC-42A3-9474-1A3956D46DE8}") = "0 - UI", "0 - UI", "{B50ED1C3-CD40-4360-AE1D-F24FABE1006E}"
EndProject
Project("{FAE04EC0-301F-11D3-BF4B-00C04F79EFBC}") = "Adm.Subscribe.UI", "Adm.Subscribe.UI\Adm.Subscribe.UI.csproj", "{17BBCF8F-1A29-4523-BF2C-62ADA9E15535}"
EndProject
Global
	GlobalSection(SolutionConfigurationPlatforms) = preSolution
		Debug|Any CPU = Debug|Any CPU
		Release|Any CPU = Release|Any CPU
	EndGlobalSection
	GlobalSection(ProjectConfigurationPlatforms) = postSolution
		{039D12F0-6962-4ED5-B9BD-E650ABF6BD2B}.Debug|Any CPU.ActiveCfg = Debug|Any CPU
		{039D12F0-6962-4ED5-B9BD-E650ABF6BD2B}.Debug|Any CPU.Build.0 = Debug|Any CPU
		{039D12F0-6962-4ED5-B9BD-E650ABF6BD2B}.Release|Any CPU.ActiveCfg = Release|Any CPU
		{039D12F0-6962-4ED5-B9BD-E650ABF6BD2B}.Release|Any CPU.Build.0 = Release|Any CPU
		{1C6F0FB6-5A79-41C2-8FAF-9C0F01B4642A}.Debug|Any CPU.ActiveCfg = Debug|Any CPU
		{1C6F0FB6-5A79-41C2-8FAF-9C0F01B4642A}.Debug|Any CPU.Build.0 = Debug|Any CPU
		{1C6F0FB6-5A79-41C2-8FAF-9C0F01B4642A}.Release|Any CPU.ActiveCfg = Release|Any CPU
		{1C6F0FB6-5A79-41C2-8FAF-9C0F01B4642A}.Release|Any CPU.Build.0 = Release|Any CPU
		{D336D2B4-226B-45DE-8FB9-B76826190A6C}.Debug|Any CPU.ActiveCfg = Debug|Any CPU
		{D336D2B4-226B-45DE-8FB9-B76826190A6C}.Debug|Any CPU.Build.0 = Debug|Any CPU
		{D336D2B4-226B-45DE-8FB9-B76826190A6C}.Release|Any CPU.ActiveCfg = Release|Any CPU
		{D336D2B4-226B-45DE-8FB9-B76826190A6C}.Release|Any CPU.Build.0 = Release|Any CPU
		{17BBCF8F-1A29-4523-BF2C-62ADA9E15535}.Debug|Any CPU.ActiveCfg = Debug|Any CPU
		{17BBCF8F-1A29-4523-BF2C-62ADA9E15535}.Debug|Any CPU.Build.0 = Debug|Any CPU
		{17BBCF8F-1A29-4523-BF2C-62ADA9E15535}.Release|Any CPU.ActiveCfg = Release|Any CPU
		{17BBCF8F-1A29-4523-BF2C-62ADA9E15535}.Release|Any CPU.Build.0 = Release|Any CPU
	EndGlobalSection
	GlobalSection(SolutionProperties) = preSolution
		HideSolutionNode = FALSE
	EndGlobalSection
	GlobalSection(NestedProjects) = preSolution
		{DFF67986-A8CE-466D-A980-414DB2AA633A} = {4CE86FBC-A06C-45C5-981F-0E873498A142}
		{9E8A3732-A7A9-4569-8A88-DD653FD7491D} = {DFF67986-A8CE-466D-A980-414DB2AA633A}
		{042FCB21-4785-42BB-BFCC-B903255C8999} = {DFF67986-A8CE-466D-A980-414DB2AA633A}
		{6E180E84-EE1D-4F06-AC3E-761F1CC26FA9} = {9E8A3732-A7A9-4569-8A88-DD653FD7491D}
		{A48C0C8F-D170-4CF0-B641-BD02D93441A9} = {9E8A3732-A7A9-4569-8A88-DD653FD7491D}
		{5599C68D-CA55-4AE5-B8E0-FE75B67E82AF} = {9E8A3732-A7A9-4569-8A88-DD653FD7491D}
		{951D502B-FA2E-4B0B-BF0A-C00292512228} = {9E8A3732-A7A9-4569-8A88-DD653FD7491D}
		{C9912D67-EEB1-4108-8157-E0B4C3612C9A} = {9E8A3732-A7A9-4569-8A88-DD653FD7491D}
		{039D12F0-6962-4ED5-B9BD-E650ABF6BD2B} = {5599C68D-CA55-4AE5-B8E0-FE75B67E82AF}
		{1C6F0FB6-5A79-41C2-8FAF-9C0F01B4642A} = {5599C68D-CA55-4AE5-B8E0-FE75B67E82AF}
		{D336D2B4-226B-45DE-8FB9-B76826190A6C} = {6E180E84-EE1D-4F06-AC3E-761F1CC26FA9}
		{B50ED1C3-CD40-4360-AE1D-F24FABE1006E} = {9E8A3732-A7A9-4569-8A88-DD653FD7491D}
		{17BBCF8F-1A29-4523-BF2C-62ADA9E15535} = {B50ED1C3-CD40-4360-AE1D-F24FABE1006E}
	EndGlobalSection
EndGlobal
